<?xml version="1.0" encoding="utf-8"?>
<Project ToolsVersion="4.0" xmlns="http://schemas.microsoft.com/developer/msbuild/2003">
  <ItemGroup>
    <Filter Include="Contents">
      <UniqueIdentifier>{6430400f-11ab-4411-9f06-4b1ee49eb648}</UniqueIdentifier>
    </Filter>
    <Filter Include="Network">
      <UniqueIdentifier>{11e71b33-14f2-4b83-a572-602e3c49b445}</UniqueIdentifier>
    </Filter>
    <Filter Include="Util">
      <UniqueIdentifier>{d0d98203-14cc-47e6-93b2-86bc50d3ea84}</UniqueIdentifier>
    </Filter>
  </ItemGroup>
  <ItemGroup>
    <ClInclude Include="Session.h">
      <Filter>Network</Filter>
    </ClInclude>
    <ClInclude Include="Server.h">
      <Filter>Network</Filter>
    </ClInclude>
    <ClInclude Include="SerializationBuffer.h">
      <Filter>Util</Filter>
    </ClInclude>
    <ClInclude Include="Protocol.h">
      <Filter>Util</Filter>
    </ClInclude>
    <ClInclude Include="RingBuffer.h">
      <Filter>Util</Filter>
    </ClInclude>
    <ClInclude Include="ContentsProtocol.h">
      <Filter>Util</Filter>
    </ClInclude>
    <ClInclude Include="EchoServer.h">
      <Filter>Contents</Filter>
    </ClInclude>
  </ItemGroup>
  <ItemGroup>
    <ClCompile Include="main.cpp" />
    <ClCompile Include="Server.cpp">
      <Filter>Network</Filter>
    </ClCompile>
    <ClCompile Include="Session.cpp">
      <Filter>Network</Filter>
    </ClCompile>
    <ClCompile Include="RingBuffer.cpp">
      <Filter>Util</Filter>
    </ClCompile>
    <ClCompile Include="SerializationBuffer.cpp">
      <Filter>Util</Filter>
    </ClCompile>
    <ClCompile Include="EchoServer.cpp">
      <Filter>Contents</Filter>
    </ClCompile>
  </ItemGroup>
</Project>