
Microsoft Visual Studio Solution File, Format Version 12.00
# Visual Studio Version 17
VisualStudioVersion = 17.13.35825.156 d17.13
MinimumVisualStudioVersion = 10.0.40219.1
Project("{8BC9CEB8-8B4A-11D0-8D11-00A0C91BC942}") = "LockFreeStack", "LockFreeStack\LockFreeStack.vcxproj", "{631396C0-732B-43C7-BBD6-0679B795E321}"
EndProject
Global
	GlobalSection(SolutionConfigurationPlatforms) = preSolution
		Debug|x64 = Debug|x64
		Debug|x86 = Debug|x86
		Release|x64 = Release|x64
		Release|x86 = Release|x86
	EndGlobalSection
	GlobalSection(ProjectConfigurationPlatforms) = postSolution
		{631396C0-732B-43C7-BBD6-0679B795E321}.Debug|x64.ActiveCfg = Debug|x64
		{631396C0-732B-43C7-BBD6-0679B795E321}.Debug|x64.Build.0 = Debug|x64
		{631396C0-732B-43C7-BBD6-0679B795E321}.Debug|x86.ActiveCfg = Debug|Win32
		{631396C0-732B-43C7-BBD6-0679B795E321}.Debug|x86.Build.0 = Debug|Win32
		{631396C0-732B-43C7-BBD6-0679B795E321}.Release|x64.ActiveCfg = Release|x64
		{631396C0-732B-43C7-BBD6-0679B795E321}.Release|x64.Build.0 = Release|x64
		{631396C0-732B-43C7-BBD6-0679B795E321}.Release|x86.ActiveCfg = Release|Win32
		{631396C0-732B-43C7-BBD6-0679B795E321}.Release|x86.Build.0 = Release|Win32
	EndGlobalSection
	GlobalSection(SolutionProperties) = preSolution
		HideSolutionNode = FALSE
	EndGlobalSection
	GlobalSection(ExtensibilityGlobals) = postSolution
		SolutionGuid = {DD8818C5-1B50-41B5-83E5-C5E16FB25D88}
	EndGlobalSection
EndGlobal
